
Microsoft Visual Studio Solution File, Format Version 12.00
# Visual Studio Version 17
VisualStudioVersion = 17.0.31903.59
MinimumVisualStudioVersion = 10.0.40219.1
Project("{2150E333-8FDC-42A3-9474-1A3956D46DE8}") = "build", "build", "{5DE0755E-2DD8-4E6D-975E-9DF74A922529}"
EndProject
Project("{2150E333-8FDC-42A3-9474-1A3956D46DE8}") = "toplevel", "toplevel", "{3829BEBC-74EA-475F-A9B7-790F4D6284AF}"
	ProjectSection(SolutionItems) = preProject
		..\.editorconfig = ..\.editorconfig
		..\Directory.Build.props = ..\Directory.Build.props
		..\Directory.Build.targets = ..\Directory.Build.targets
		..\RepoRoot.props = ..\RepoRoot.props
		..\version.json = ..\version.json
	EndProjectSection
EndProject
Project("{9A19103F-16F7-4668-BE54-9A1E7A4F7556}") = "WindowsLogViewer", "WindowsLogViewer\WindowsLogViewer.csproj", "{AA8AD1B4-E58D-4DCA-99D5-C8F0C5466865}"
EndProject
Project("{2150E333-8FDC-42A3-9474-1A3956D46DE8}") = "shared", "shared", "{BE431712-5417-4DF6-8FCC-A283E6628361}"
	ProjectSection(SolutionItems) = preProject
		..\build\Directory.Build.csproj.props = ..\build\Directory.Build.csproj.props
		..\build\Directory.Build.csproj.targets = ..\build\Directory.Build.csproj.targets
		..\build\Directory.Build.vcxproj.props = ..\build\Directory.Build.vcxproj.props
		..\build\Directory.Build.vcxproj.targets = ..\build\Directory.Build.vcxproj.targets
		..\build\Directory.Build.wapproj.props = ..\build\Directory.Build.wapproj.props
		..\build\Directory.Build.wapproj.targets = ..\build\Directory.Build.wapproj.targets
		..\build\Directory.Build.wixproj.props = ..\build\Directory.Build.wixproj.props
		..\build\Directory.Build.wixproj.targets = ..\build\Directory.Build.wixproj.targets
		..\build\StyleCop.ruleset = ..\build\StyleCop.ruleset
	EndProjectSection
EndProject
Project("{FAE04EC0-301F-11D3-BF4B-00C04F79EFBC}") = "WpfUI.ProgressRing", "WpfUI.ProgressRing\WpfUI.ProgressRing.csproj", "{FBE6FBFC-1A10-4697-8366-562E68567EE0}"
EndProject
Global
	GlobalSection(SolutionConfigurationPlatforms) = preSolution
		Debug|Any CPU = Debug|Any CPU
		Release|Any CPU = Release|Any CPU
	EndGlobalSection
	GlobalSection(ProjectConfigurationPlatforms) = postSolution
		{AA8AD1B4-E58D-4DCA-99D5-C8F0C5466865}.Debug|Any CPU.ActiveCfg = Debug|Any CPU
		{AA8AD1B4-E58D-4DCA-99D5-C8F0C5466865}.Debug|Any CPU.Build.0 = Debug|Any CPU
		{AA8AD1B4-E58D-4DCA-99D5-C8F0C5466865}.Release|Any CPU.ActiveCfg = Release|Any CPU
		{AA8AD1B4-E58D-4DCA-99D5-C8F0C5466865}.Release|Any CPU.Build.0 = Release|Any CPU
		{FBE6FBFC-1A10-4697-8366-562E68567EE0}.Debug|Any CPU.ActiveCfg = Debug|Any CPU
		{FBE6FBFC-1A10-4697-8366-562E68567EE0}.Debug|Any CPU.Build.0 = Debug|Any CPU
		{FBE6FBFC-1A10-4697-8366-562E68567EE0}.Release|Any CPU.ActiveCfg = Release|Any CPU
		{FBE6FBFC-1A10-4697-8366-562E68567EE0}.Release|Any CPU.Build.0 = Release|Any CPU
	EndGlobalSection
	GlobalSection(SolutionProperties) = preSolution
		HideSolutionNode = FALSE
	EndGlobalSection
	GlobalSection(NestedProjects) = preSolution
		{3829BEBC-74EA-475F-A9B7-790F4D6284AF} = {5DE0755E-2DD8-4E6D-975E-9DF74A922529}
		{BE431712-5417-4DF6-8FCC-A283E6628361} = {5DE0755E-2DD8-4E6D-975E-9DF74A922529}
	EndGlobalSection
	GlobalSection(ExtensibilityGlobals) = postSolution
		SolutionGuid = {61608E88-E4A0-4FD4-ABB5-8998899500CD}
	EndGlobalSection
EndGlobal
